// !$*UTF8*$!
{
	archiveVersion = 1;
	classes = {
	};
	objectVersion = 51;
	objects = {

/* Begin PBXBuildFile section */
		54DE0C0678AAF35E60286D60 /* Pods_InterestingTour.framework in Frameworks */ = {isa = PBXBuildFile; fileRef = A06CEE4C2A1E76AD045AC2F0 /* Pods_InterestingTour.framework */; };
		D014E3B223AB5DE6003218CC /* QYRootViewController.m in Sources */ = {isa = PBXBuildFile; fileRef = D014E3B123AB5DE6003218CC /* QYRootViewController.m */; };
		D014E3B623AB5F6D003218CC /* QYTabBarController.m in Sources */ = {isa = PBXBuildFile; fileRef = D014E3B523AB5F6D003218CC /* QYTabBarController.m */; };
		D01AEB9023AD19DC0023627E /* QYMineNavigationBarView.m in Sources */ = {isa = PBXBuildFile; fileRef = D01AEB8F23AD19DC0023627E /* QYMineNavigationBarView.m */; };
		D01AEB9423AD1BC20023627E /* UIView+GradientBackground.m in Sources */ = {isa = PBXBuildFile; fileRef = D01AEB9323AD1BC20023627E /* UIView+GradientBackground.m */; };
		D01AEB9823AD2A120023627E /* QYHomeNavigationBarView.m in Sources */ = {isa = PBXBuildFile; fileRef = D01AEB9723AD2A120023627E /* QYHomeNavigationBarView.m */; };
		D01AEB9B23AD2CF70023627E /* QYHomeLocationModel.m in Sources */ = {isa = PBXBuildFile; fileRef = D01AEB9A23AD2CF70023627E /* QYHomeLocationModel.m */; };
		D0212C2023C41403000E9CD2 /* QYTravelModel.m in Sources */ = {isa = PBXBuildFile; fileRef = D0212C1F23C41403000E9CD2 /* QYTravelModel.m */; };
		D027D16723B609070017ECF8 /* QYHomeLayoutDataModel.m in Sources */ = {isa = PBXBuildFile; fileRef = D027D16623B609070017ECF8 /* QYHomeLayoutDataModel.m */; };
		D02A1FC423AB5125005B31C9 /* AppDelegate.m in Sources */ = {isa = PBXBuildFile; fileRef = D02A1FC323AB5125005B31C9 /* AppDelegate.m */; };
		D02A1FCF23AB5125005B31C9 /* Assets.xcassets in Resources */ = {isa = PBXBuildFile; fileRef = D02A1FCE23AB5125005B31C9 /* Assets.xcassets */; };
		D02A1FD223AB5125005B31C9 /* LaunchScreen.storyboard in Resources */ = {isa = PBXBuildFile; fileRef = D02A1FD023AB5125005B31C9 /* LaunchScreen.storyboard */; };
		D02A1FD523AB5125005B31C9 /* main.m in Sources */ = {isa = PBXBuildFile; fileRef = D02A1FD423AB5125005B31C9 /* main.m */; };
		D03A9A9623B9D617008B41B5 /* QYHomeSearchView.m in Sources */ = {isa = PBXBuildFile; fileRef = D03A9A9523B9D617008B41B5 /* QYHomeSearchView.m */; };
		D03A9AA223B9EA47008B41B5 /* QYHomeLandscapeCollectionView.m in Sources */ = {isa = PBXBuildFile; fileRef = D03A9AA123B9EA47008B41B5 /* QYHomeLandscapeCollectionView.m */; };
		D03A9AA523B9FE8F008B41B5 /* QYHomeLandscapeCollectionViewCell.m in Sources */ = {isa = PBXBuildFile; fileRef = D03A9AA423B9FE8F008B41B5 /* QYHomeLandscapeCollectionViewCell.m */; };
		D068AB4C23AB886E0034D427 /* UIView+FrameExtension.m in Sources */ = {isa = PBXBuildFile; fileRef = D068AB4B23AB886E0034D427 /* UIView+FrameExtension.m */; };
		D068AB4F23AB93530034D427 /* QYHomeCycleScrollView.m in Sources */ = {isa = PBXBuildFile; fileRef = D068AB4E23AB93530034D427 /* QYHomeCycleScrollView.m */; };
		D068AB5423AB99380034D427 /* QYBaseView.m in Sources */ = {isa = PBXBuildFile; fileRef = D068AB5323AB99380034D427 /* QYBaseView.m */; };
		D068AB5823AB99750034D427 /* QYBaseModel.m in Sources */ = {isa = PBXBuildFile; fileRef = D068AB5723AB99750034D427 /* QYBaseModel.m */; };
		D068AB6123AC5AC00034D427 /* BmobSDK.framework in Frameworks */ = {isa = PBXBuildFile; fileRef = D068AB6023AC5AC00034D427 /* BmobSDK.framework */; };
		D068AB6423AC5D760034D427 /* CoreLocation.framework in Frameworks */ = {isa = PBXBuildFile; fileRef = D068AB6323AC5D760034D427 /* CoreLocation.framework */; };
		D068AB6623AC5D7C0034D427 /* JavaScriptCore.framework in Frameworks */ = {isa = PBXBuildFile; fileRef = D068AB6523AC5D7C0034D427 /* JavaScriptCore.framework */; };
		D068AB6823AC5D940034D427 /* SystemConfiguration.framework in Frameworks */ = {isa = PBXBuildFile; fileRef = D068AB6723AC5D940034D427 /* SystemConfiguration.framework */; };
		D068AB6F23AC5E150034D427 /* QYLoginViewController.m in Sources */ = {isa = PBXBuildFile; fileRef = D068AB6E23AC5E150034D427 /* QYLoginViewController.m */; };
		D068AB7623AC5EEE0034D427 /* QYRegisterViewController.m in Sources */ = {isa = PBXBuildFile; fileRef = D068AB7523AC5EEE0034D427 /* QYRegisterViewController.m */; };
		D068AB7923AC5F110034D427 /* QYRegisterView.m in Sources */ = {isa = PBXBuildFile; fileRef = D068AB7823AC5F110034D427 /* QYRegisterView.m */; };
		D068AB7B23AC6A6C0034D427 /* Localizable.strings in Resources */ = {isa = PBXBuildFile; fileRef = D068AB7A23AC6A6C0034D427 /* Localizable.strings */; };
		D068AB7F23AC6F4F0034D427 /* Photos.framework in Frameworks */ = {isa = PBXBuildFile; fileRef = D068AB7E23AC6F4F0034D427 /* Photos.framework */; };
		D06C3F5C23BD929D006315B1 /* QYHomeAttractionsModel.m in Sources */ = {isa = PBXBuildFile; fileRef = D06C3F5B23BD929D006315B1 /* QYHomeAttractionsModel.m */; };
		D079490E23BF32B50076BF1E /* QYTravelTableView.m in Sources */ = {isa = PBXBuildFile; fileRef = D079490D23BF32B50076BF1E /* QYTravelTableView.m */; };
		D07EEFE923BAEC87002C64F2 /* QYDetailCycleScrollView.m in Sources */ = {isa = PBXBuildFile; fileRef = D07EEFE823BAEC87002C64F2 /* QYDetailCycleScrollView.m */; };
		D07EEFEC23BAEE7D002C64F2 /* QYLandscapeViewController.m in Sources */ = {isa = PBXBuildFile; fileRef = D07EEFEB23BAEE7D002C64F2 /* QYLandscapeViewController.m */; };
		D07EEFEF23BAF85B002C64F2 /* QYDetailNavigationBarView.m in Sources */ = {isa = PBXBuildFile; fileRef = D07EEFEE23BAF85B002C64F2 /* QYDetailNavigationBarView.m */; };
		D07EEFF523BB2E33002C64F2 /* QYDetailInformationTableView.m in Sources */ = {isa = PBXBuildFile; fileRef = D07EEFF423BB2E33002C64F2 /* QYDetailInformationTableView.m */; };
		D07EEFF823BB2E4A002C64F2 /* QYDetailInformationTableViewCell.m in Sources */ = {isa = PBXBuildFile; fileRef = D07EEFF723BB2E4A002C64F2 /* QYDetailInformationTableViewCell.m */; };
		D07EEFFC23BB469B002C64F2 /* LWJumpToMap.m in Sources */ = {isa = PBXBuildFile; fileRef = D07EEFFB23BB469B002C64F2 /* LWJumpToMap.m */; };
		D080707223C40CA500F3A326 /* QYMyInfoView.m in Sources */ = {isa = PBXBuildFile; fileRef = D080707123C40CA500F3A326 /* QYMyInfoView.m */; };
		D0D0008A23C4293D001FBB84 /* QYTravelTableViewCell.m in Sources */ = {isa = PBXBuildFile; fileRef = D0D0008923C4293D001FBB84 /* QYTravelTableViewCell.m */; };
		D0E451E123AC9F3A005AD519 /* QYLoginView.m in Sources */ = {isa = PBXBuildFile; fileRef = D0E451E023AC9F3A005AD519 /* QYLoginView.m */; };
		D0FB447E23AB63CF0012783D /* QYHomeViewController.m in Sources */ = {isa = PBXBuildFile; fileRef = D0FB447D23AB63CF0012783D /* QYHomeViewController.m */; };
		D0FB448323AB691A0012783D /* QYNavigationController.m in Sources */ = {isa = PBXBuildFile; fileRef = D0FB448223AB691A0012783D /* QYNavigationController.m */; };
		D0FB448D23AB6A300012783D /* QYMineViewController.m in Sources */ = {isa = PBXBuildFile; fileRef = D0FB448C23AB6A300012783D /* QYMineViewController.m */; };
		D0FB449023AB6A490012783D /* QYTravelViewController.m in Sources */ = {isa = PBXBuildFile; fileRef = D0FB448F23AB6A490012783D /* QYTravelViewController.m */; };
		D0FB449C23AB81940012783D /* LWNetworkHelper.m in Sources */ = {isa = PBXBuildFile; fileRef = D0FB449423AB81940012783D /* LWNetworkHelper.m */; };
		D0FB449D23AB81940012783D /* LWNetworkManager.m in Sources */ = {isa = PBXBuildFile; fileRef = D0FB449523AB81940012783D /* LWNetworkManager.m */; };
		D0FB449E23AB81940012783D /* TFBURLResponse.m in Sources */ = {isa = PBXBuildFile; fileRef = D0FB449623AB81940012783D /* TFBURLResponse.m */; };
		D0FB449F23AB81940012783D /* Readme in Resources */ = {isa = PBXBuildFile; fileRef = D0FB449723AB81940012783D /* Readme */; };
		D0FB44A023AB81940012783D /* TFBURLRequest.m in Sources */ = {isa = PBXBuildFile; fileRef = D0FB449823AB81940012783D /* TFBURLRequest.m */; };
/* End PBXBuildFile section */

/* Begin PBXFileReference section */
		A06CEE4C2A1E76AD045AC2F0 /* Pods_InterestingTour.framework */ = {isa = PBXFileReference; explicitFileType = wrapper.framework; includeInIndex = 0; path = Pods_InterestingTour.framework; sourceTree = BUILT_PRODUCTS_DIR; };
		A8E3E39C03815B5F9927CF72 /* Pods-InterestingTour.release.xcconfig */ = {isa = PBXFileReference; includeInIndex = 1; lastKnownFileType = text.xcconfig; name = "Pods-InterestingTour.release.xcconfig"; path = "Target Support Files/Pods-InterestingTour/Pods-InterestingTour.release.xcconfig"; sourceTree = "<group>"; };
		B8920FDDECEAC2D417D3CC99 /* Pods-InterestingTour.debug.xcconfig */ = {isa = PBXFileReference; includeInIndex = 1; lastKnownFileType = text.xcconfig; name = "Pods-InterestingTour.debug.xcconfig"; path = "Target Support Files/Pods-InterestingTour/Pods-InterestingTour.debug.xcconfig"; sourceTree = "<group>"; };
		D014E3B023AB5DE6003218CC /* QYRootViewController.h */ = {isa = PBXFileReference; lastKnownFileType = sourcecode.c.h; path = QYRootViewController.h; sourceTree = "<group>"; };
		D014E3B123AB5DE6003218CC /* QYRootViewController.m */ = {isa = PBXFileReference; lastKnownFileType = sourcecode.c.objc; path = QYRootViewController.m; sourceTree = "<group>"; };
		D014E3B423AB5F6D003218CC /* QYTabBarController.h */ = {isa = PBXFileReference; lastKnownFileType = sourcecode.c.h; path = QYTabBarController.h; sourceTree = "<group>"; };
		D014E3B523AB5F6D003218CC /* QYTabBarController.m */ = {isa = PBXFileReference; lastKnownFileType = sourcecode.c.objc; path = QYTabBarController.m; sourceTree = "<group>"; };
		D01AEB8D23ACC1420023627E /* CommonMacros.h */ = {isa = PBXFileReference; lastKnownFileType = sourcecode.c.h; path = CommonMacros.h; sourceTree = "<group>"; };
		D01AEB8F23AD19DC0023627E /* QYMineNavigationBarView.m */ = {isa = PBXFileReference; lastKnownFileType = sourcecode.c.objc; path = QYMineNavigationBarView.m; sourceTree = "<group>"; };
		D01AEB9223AD1BC20023627E /* UIView+GradientBackground.h */ = {isa = PBXFileReference; lastKnownFileType = sourcecode.c.h; path = "UIView+GradientBackground.h"; sourceTree = "<group>"; };
		D01AEB9323AD1BC20023627E /* UIView+GradientBackground.m */ = {isa = PBXFileReference; lastKnownFileType = sourcecode.c.objc; path = "UIView+GradientBackground.m"; sourceTree = "<group>"; };
		D01AEB9523AD28770023627E /* QYMineNavigationBarView.h */ = {isa = PBXFileReference; fileEncoding = 4; lastKnownFileType = sourcecode.c.h; path = QYMineNavigationBarView.h; sourceTree = "<group>"; };
		D01AEB9623AD2A120023627E /* QYHomeNavigationBarView.h */ = {isa = PBXFileReference; lastKnownFileType = sourcecode.c.h; path = QYHomeNavigationBarView.h; sourceTree = "<group>"; };
		D01AEB9723AD2A120023627E /* QYHomeNavigationBarView.m */ = {isa = PBXFileReference; lastKnownFileType = sourcecode.c.objc; path = QYHomeNavigationBarView.m; sourceTree = "<group>"; };
		D01AEB9923AD2CF70023627E /* QYHomeLocationModel.h */ = {isa = PBXFileReference; lastKnownFileType = sourcecode.c.h; path = QYHomeLocationModel.h; sourceTree = "<group>"; };
		D01AEB9A23AD2CF70023627E /* QYHomeLocationModel.m */ = {isa = PBXFileReference; lastKnownFileType = sourcecode.c.objc; path = QYHomeLocationModel.m; sourceTree = "<group>"; };
		D0212C1E23C41403000E9CD2 /* QYTravelModel.h */ = {isa = PBXFileReference; lastKnownFileType = sourcecode.c.h; path = QYTravelModel.h; sourceTree = "<group>"; };
		D0212C1F23C41403000E9CD2 /* QYTravelModel.m */ = {isa = PBXFileReference; lastKnownFileType = sourcecode.c.objc; path = QYTravelModel.m; sourceTree = "<group>"; };
		D027D16523B609070017ECF8 /* QYHomeLayoutDataModel.h */ = {isa = PBXFileReference; lastKnownFileType = sourcecode.c.h; path = QYHomeLayoutDataModel.h; sourceTree = "<group>"; };
		D027D16623B609070017ECF8 /* QYHomeLayoutDataModel.m */ = {isa = PBXFileReference; lastKnownFileType = sourcecode.c.objc; path = QYHomeLayoutDataModel.m; sourceTree = "<group>"; };
		D02A1FBF23AB5125005B31C9 /* 趣游.app */ = {isa = PBXFileReference; explicitFileType = wrapper.application; includeInIndex = 0; path = "趣游.app"; sourceTree = BUILT_PRODUCTS_DIR; };
		D02A1FC223AB5125005B31C9 /* AppDelegate.h */ = {isa = PBXFileReference; lastKnownFileType = sourcecode.c.h; path = AppDelegate.h; sourceTree = "<group>"; };
		D02A1FC323AB5125005B31C9 /* AppDelegate.m */ = {isa = PBXFileReference; lastKnownFileType = sourcecode.c.objc; path = AppDelegate.m; sourceTree = "<group>"; };
		D02A1FCE23AB5125005B31C9 /* Assets.xcassets */ = {isa = PBXFileReference; lastKnownFileType = folder.assetcatalog; path = Assets.xcassets; sourceTree = "<group>"; };
		D02A1FD123AB5125005B31C9 /* Base */ = {isa = PBXFileReference; lastKnownFileType = file.storyboard; name = Base; path = Base.lproj/LaunchScreen.storyboard; sourceTree = "<group>"; };
		D02A1FD323AB5125005B31C9 /* Info.plist */ = {isa = PBXFileReference; lastKnownFileType = text.plist.xml; path = Info.plist; sourceTree = "<group>"; };
		D02A1FD423AB5125005B31C9 /* main.m */ = {isa = PBXFileReference; lastKnownFileType = sourcecode.c.objc; path = main.m; sourceTree = "<group>"; };
		D03A9A9423B9D617008B41B5 /* QYHomeSearchView.h */ = {isa = PBXFileReference; lastKnownFileType = sourcecode.c.h; path = QYHomeSearchView.h; sourceTree = "<group>"; };
		D03A9A9523B9D617008B41B5 /* QYHomeSearchView.m */ = {isa = PBXFileReference; lastKnownFileType = sourcecode.c.objc; path = QYHomeSearchView.m; sourceTree = "<group>"; };
		D03A9AA023B9EA47008B41B5 /* QYHomeLandscapeCollectionView.h */ = {isa = PBXFileReference; lastKnownFileType = sourcecode.c.h; path = QYHomeLandscapeCollectionView.h; sourceTree = "<group>"; };
		D03A9AA123B9EA47008B41B5 /* QYHomeLandscapeCollectionView.m */ = {isa = PBXFileReference; lastKnownFileType = sourcecode.c.objc; path = QYHomeLandscapeCollectionView.m; sourceTree = "<group>"; };
		D03A9AA323B9FE8F008B41B5 /* QYHomeLandscapeCollectionViewCell.h */ = {isa = PBXFileReference; lastKnownFileType = sourcecode.c.h; path = QYHomeLandscapeCollectionViewCell.h; sourceTree = "<group>"; };
		D03A9AA423B9FE8F008B41B5 /* QYHomeLandscapeCollectionViewCell.m */ = {isa = PBXFileReference; lastKnownFileType = sourcecode.c.objc; path = QYHomeLandscapeCollectionViewCell.m; sourceTree = "<group>"; };
		D068AB4A23AB886D0034D427 /* UIView+FrameExtension.h */ = {isa = PBXFileReference; fileEncoding = 4; lastKnownFileType = sourcecode.c.h; path = "UIView+FrameExtension.h"; sourceTree = "<group>"; };
		D068AB4B23AB886E0034D427 /* UIView+FrameExtension.m */ = {isa = PBXFileReference; fileEncoding = 4; lastKnownFileType = sourcecode.c.objc; path = "UIView+FrameExtension.m"; sourceTree = "<group>"; };
		D068AB4D23AB93530034D427 /* QYHomeCycleScrollView.h */ = {isa = PBXFileReference; lastKnownFileType = sourcecode.c.h; path = QYHomeCycleScrollView.h; sourceTree = "<group>"; };
		D068AB4E23AB93530034D427 /* QYHomeCycleScrollView.m */ = {isa = PBXFileReference; lastKnownFileType = sourcecode.c.objc; path = QYHomeCycleScrollView.m; sourceTree = "<group>"; };
		D068AB5023AB97460034D427 /* UtilsMacros.h */ = {isa = PBXFileReference; lastKnownFileType = sourcecode.c.h; path = UtilsMacros.h; sourceTree = "<group>"; };
		D068AB5223AB99380034D427 /* QYBaseView.h */ = {isa = PBXFileReference; lastKnownFileType = sourcecode.c.h; path = QYBaseView.h; sourceTree = "<group>"; };
		D068AB5323AB99380034D427 /* QYBaseView.m */ = {isa = PBXFileReference; lastKnownFileType = sourcecode.c.objc; path = QYBaseView.m; sourceTree = "<group>"; };
		D068AB5623AB99750034D427 /* QYBaseModel.h */ = {isa = PBXFileReference; lastKnownFileType = sourcecode.c.h; path = QYBaseModel.h; sourceTree = "<group>"; };
		D068AB5723AB99750034D427 /* QYBaseModel.m */ = {isa = PBXFileReference; lastKnownFileType = sourcecode.c.objc; path = QYBaseModel.m; sourceTree = "<group>"; };
		D068AB6023AC5AC00034D427 /* BmobSDK.framework */ = {isa = PBXFileReference; lastKnownFileType = wrapper.framework; path = BmobSDK.framework; sourceTree = "<group>"; };
		D068AB6223AC5BAB0034D427 /* ThirdKeyMacros.h */ = {isa = PBXFileReference; lastKnownFileType = sourcecode.c.h; path = ThirdKeyMacros.h; sourceTree = "<group>"; };
		D068AB6323AC5D760034D427 /* CoreLocation.framework */ = {isa = PBXFileReference; lastKnownFileType = wrapper.framework; name = CoreLocation.framework; path = System/Library/Frameworks/CoreLocation.framework; sourceTree = SDKROOT; };
		D068AB6523AC5D7C0034D427 /* JavaScriptCore.framework */ = {isa = PBXFileReference; lastKnownFileType = wrapper.framework; name = JavaScriptCore.framework; path = System/Library/Frameworks/JavaScriptCore.framework; sourceTree = SDKROOT; };
		D068AB6723AC5D940034D427 /* SystemConfiguration.framework */ = {isa = PBXFileReference; lastKnownFileType = wrapper.framework; name = SystemConfiguration.framework; path = System/Library/Frameworks/SystemConfiguration.framework; sourceTree = SDKROOT; };
		D068AB6D23AC5E150034D427 /* QYLoginViewController.h */ = {isa = PBXFileReference; lastKnownFileType = sourcecode.c.h; path = QYLoginViewController.h; sourceTree = "<group>"; };
		D068AB6E23AC5E150034D427 /* QYLoginViewController.m */ = {isa = PBXFileReference; lastKnownFileType = sourcecode.c.objc; path = QYLoginViewController.m; sourceTree = "<group>"; };
		D068AB7423AC5EEE0034D427 /* QYRegisterViewController.h */ = {isa = PBXFileReference; lastKnownFileType = sourcecode.c.h; path = QYRegisterViewController.h; sourceTree = "<group>"; };
		D068AB7523AC5EEE0034D427 /* QYRegisterViewController.m */ = {isa = PBXFileReference; lastKnownFileType = sourcecode.c.objc; path = QYRegisterViewController.m; sourceTree = "<group>"; };
		D068AB7723AC5F110034D427 /* QYRegisterView.h */ = {isa = PBXFileReference; lastKnownFileType = sourcecode.c.h; path = QYRegisterView.h; sourceTree = "<group>"; };
		D068AB7823AC5F110034D427 /* QYRegisterView.m */ = {isa = PBXFileReference; lastKnownFileType = sourcecode.c.objc; path = QYRegisterView.m; sourceTree = "<group>"; };
		D068AB7A23AC6A6C0034D427 /* Localizable.strings */ = {isa = PBXFileReference; lastKnownFileType = text.plist.strings; path = Localizable.strings; sourceTree = "<group>"; };
		D068AB7C23AC6EF80034D427 /* CoreMotion.framework */ = {isa = PBXFileReference; lastKnownFileType = wrapper.framework; name = CoreMotion.framework; path = System/Library/Frameworks/CoreMotion.framework; sourceTree = SDKROOT; };
		D068AB7E23AC6F4F0034D427 /* Photos.framework */ = {isa = PBXFileReference; lastKnownFileType = wrapper.framework; name = Photos.framework; path = System/Library/Frameworks/Photos.framework; sourceTree = SDKROOT; };
		D06C3F5A23BD929D006315B1 /* QYHomeAttractionsModel.h */ = {isa = PBXFileReference; lastKnownFileType = sourcecode.c.h; path = QYHomeAttractionsModel.h; sourceTree = "<group>"; };
		D06C3F5B23BD929D006315B1 /* QYHomeAttractionsModel.m */ = {isa = PBXFileReference; lastKnownFileType = sourcecode.c.objc; path = QYHomeAttractionsModel.m; sourceTree = "<group>"; };
		D079490C23BF32B50076BF1E /* QYTravelTableView.h */ = {isa = PBXFileReference; lastKnownFileType = sourcecode.c.h; path = QYTravelTableView.h; sourceTree = "<group>"; };
		D079490D23BF32B50076BF1E /* QYTravelTableView.m */ = {isa = PBXFileReference; lastKnownFileType = sourcecode.c.objc; path = QYTravelTableView.m; sourceTree = "<group>"; };
		D07EEFE723BAEC87002C64F2 /* QYDetailCycleScrollView.h */ = {isa = PBXFileReference; lastKnownFileType = sourcecode.c.h; path = QYDetailCycleScrollView.h; sourceTree = "<group>"; };
		D07EEFE823BAEC87002C64F2 /* QYDetailCycleScrollView.m */ = {isa = PBXFileReference; lastKnownFileType = sourcecode.c.objc; path = QYDetailCycleScrollView.m; sourceTree = "<group>"; };
		D07EEFEA23BAEE7D002C64F2 /* QYLandscapeViewController.h */ = {isa = PBXFileReference; lastKnownFileType = sourcecode.c.h; path = QYLandscapeViewController.h; sourceTree = "<group>"; };
		D07EEFEB23BAEE7D002C64F2 /* QYLandscapeViewController.m */ = {isa = PBXFileReference; lastKnownFileType = sourcecode.c.objc; path = QYLandscapeViewController.m; sourceTree = "<group>"; };
		D07EEFED23BAF85B002C64F2 /* QYDetailNavigationBarView.h */ = {isa = PBXFileReference; lastKnownFileType = sourcecode.c.h; path = QYDetailNavigationBarView.h; sourceTree = "<group>"; };
		D07EEFEE23BAF85B002C64F2 /* QYDetailNavigationBarView.m */ = {isa = PBXFileReference; lastKnownFileType = sourcecode.c.objc; path = QYDetailNavigationBarView.m; sourceTree = "<group>"; };
		D07EEFF323BB2E33002C64F2 /* QYDetailInformationTableView.h */ = {isa = PBXFileReference; lastKnownFileType = sourcecode.c.h; path = QYDetailInformationTableView.h; sourceTree = "<group>"; };
		D07EEFF423BB2E33002C64F2 /* QYDetailInformationTableView.m */ = {isa = PBXFileReference; lastKnownFileType = sourcecode.c.objc; path = QYDetailInformationTableView.m; sourceTree = "<group>"; };
		D07EEFF623BB2E4A002C64F2 /* QYDetailInformationTableViewCell.h */ = {isa = PBXFileReference; lastKnownFileType = sourcecode.c.h; path = QYDetailInformationTableViewCell.h; sourceTree = "<group>"; };
		D07EEFF723BB2E4A002C64F2 /* QYDetailInformationTableViewCell.m */ = {isa = PBXFileReference; lastKnownFileType = sourcecode.c.objc; path = QYDetailInformationTableViewCell.m; sourceTree = "<group>"; };
		D07EEFFA23BB469B002C64F2 /* LWJumpToMap.h */ = {isa = PBXFileReference; lastKnownFileType = sourcecode.c.h; path = LWJumpToMap.h; sourceTree = "<group>"; };
		D07EEFFB23BB469B002C64F2 /* LWJumpToMap.m */ = {isa = PBXFileReference; lastKnownFileType = sourcecode.c.objc; path = LWJumpToMap.m; sourceTree = "<group>"; };
		D080707023C40CA500F3A326 /* QYMyInfoView.h */ = {isa = PBXFileReference; lastKnownFileType = sourcecode.c.h; path = QYMyInfoView.h; sourceTree = "<group>"; };
		D080707123C40CA500F3A326 /* QYMyInfoView.m */ = {isa = PBXFileReference; lastKnownFileType = sourcecode.c.objc; path = QYMyInfoView.m; sourceTree = "<group>"; };
		D0D0008823C4293D001FBB84 /* QYTravelTableViewCell.h */ = {isa = PBXFileReference; lastKnownFileType = sourcecode.c.h; path = QYTravelTableViewCell.h; sourceTree = "<group>"; };
		D0D0008923C4293D001FBB84 /* QYTravelTableViewCell.m */ = {isa = PBXFileReference; lastKnownFileType = sourcecode.c.objc; path = QYTravelTableViewCell.m; sourceTree = "<group>"; };
		D0E451DF23AC9F3A005AD519 /* QYLoginView.h */ = {isa = PBXFileReference; lastKnownFileType = sourcecode.c.h; path = QYLoginView.h; sourceTree = "<group>"; };
		D0E451E023AC9F3A005AD519 /* QYLoginView.m */ = {isa = PBXFileReference; lastKnownFileType = sourcecode.c.objc; path = QYLoginView.m; sourceTree = "<group>"; };
		D0FB447C23AB63CF0012783D /* QYHomeViewController.h */ = {isa = PBXFileReference; lastKnownFileType = sourcecode.c.h; path = QYHomeViewController.h; sourceTree = "<group>"; };
		D0FB447D23AB63CF0012783D /* QYHomeViewController.m */ = {isa = PBXFileReference; lastKnownFileType = sourcecode.c.objc; path = QYHomeViewController.m; sourceTree = "<group>"; };
		D0FB448123AB691A0012783D /* QYNavigationController.h */ = {isa = PBXFileReference; lastKnownFileType = sourcecode.c.h; path = QYNavigationController.h; sourceTree = "<group>"; };
		D0FB448223AB691A0012783D /* QYNavigationController.m */ = {isa = PBXFileReference; lastKnownFileType = sourcecode.c.objc; path = QYNavigationController.m; sourceTree = "<group>"; };
		D0FB448B23AB6A300012783D /* QYMineViewController.h */ = {isa = PBXFileReference; lastKnownFileType = sourcecode.c.h; path = QYMineViewController.h; sourceTree = "<group>"; };
		D0FB448C23AB6A300012783D /* QYMineViewController.m */ = {isa = PBXFileReference; lastKnownFileType = sourcecode.c.objc; path = QYMineViewController.m; sourceTree = "<group>"; };
		D0FB448E23AB6A490012783D /* QYTravelViewController.h */ = {isa = PBXFileReference; lastKnownFileType = sourcecode.c.h; path = QYTravelViewController.h; sourceTree = "<group>"; };
		D0FB448F23AB6A490012783D /* QYTravelViewController.m */ = {isa = PBXFileReference; lastKnownFileType = sourcecode.c.objc; path = QYTravelViewController.m; sourceTree = "<group>"; };
		D0FB449323AB81940012783D /* TFBURLRequest.h */ = {isa = PBXFileReference; fileEncoding = 4; lastKnownFileType = sourcecode.c.h; path = TFBURLRequest.h; sourceTree = "<group>"; };
		D0FB449423AB81940012783D /* LWNetworkHelper.m */ = {isa = PBXFileReference; fileEncoding = 4; lastKnownFileType = sourcecode.c.objc; path = LWNetworkHelper.m; sourceTree = "<group>"; };
		D0FB449523AB81940012783D /* LWNetworkManager.m */ = {isa = PBXFileReference; fileEncoding = 4; lastKnownFileType = sourcecode.c.objc; path = LWNetworkManager.m; sourceTree = "<group>"; };
		D0FB449623AB81940012783D /* TFBURLResponse.m */ = {isa = PBXFileReference; fileEncoding = 4; lastKnownFileType = sourcecode.c.objc; path = TFBURLResponse.m; sourceTree = "<group>"; };
		D0FB449723AB81940012783D /* Readme */ = {isa = PBXFileReference; fileEncoding = 4; lastKnownFileType = text; path = Readme; sourceTree = "<group>"; };
		D0FB449823AB81940012783D /* TFBURLRequest.m */ = {isa = PBXFileReference; fileEncoding = 4; lastKnownFileType = sourcecode.c.objc; path = TFBURLRequest.m; sourceTree = "<group>"; };
		D0FB449923AB81940012783D /* LWNetworkHelper.h */ = {isa = PBXFileReference; fileEncoding = 4; lastKnownFileType = sourcecode.c.h; path = LWNetworkHelper.h; sourceTree = "<group>"; };
		D0FB449A23AB81940012783D /* TFBURLResponse.h */ = {isa = PBXFileReference; fileEncoding = 4; lastKnownFileType = sourcecode.c.h; path = TFBURLResponse.h; sourceTree = "<group>"; };
		D0FB449B23AB81940012783D /* LWNetworkManager.h */ = {isa = PBXFileReference; fileEncoding = 4; lastKnownFileType = sourcecode.c.h; path = LWNetworkManager.h; sourceTree = "<group>"; };
		D0FB44A323AB82490012783D /* ColorMacros.h */ = {isa = PBXFileReference; fileEncoding = 4; lastKnownFileType = sourcecode.c.h; path = ColorMacros.h; sourceTree = "<group>"; };
		D0FB44A423AB84DB0012783D /* InterestingTourPCH.pch */ = {isa = PBXFileReference; lastKnownFileType = sourcecode.c.h; path = InterestingTourPCH.pch; sourceTree = "<group>"; };
/* End PBXFileReference section */

/* Begin PBXFrameworksBuildPhase section */
		D02A1FBC23AB5125005B31C9 /* Frameworks */ = {
			isa = PBXFrameworksBuildPhase;
			buildActionMask = 2147483647;
			files = (
				D068AB7F23AC6F4F0034D427 /* Photos.framework in Frameworks */,
				D068AB6823AC5D940034D427 /* SystemConfiguration.framework in Frameworks */,
				D068AB6623AC5D7C0034D427 /* JavaScriptCore.framework in Frameworks */,
				D068AB6423AC5D760034D427 /* CoreLocation.framework in Frameworks */,
				54DE0C0678AAF35E60286D60 /* Pods_InterestingTour.framework in Frameworks */,
				D068AB6123AC5AC00034D427 /* BmobSDK.framework in Frameworks */,
			);
			runOnlyForDeploymentPostprocessing = 0;
		};
/* End PBXFrameworksBuildPhase section */

/* Begin PBXGroup section */
		AB88FDC0E2FCF48539517AC0 /* Frameworks */ = {
			isa = PBXGroup;
			children = (
				D068AB7E23AC6F4F0034D427 /* Photos.framework */,
				D068AB7C23AC6EF80034D427 /* CoreMotion.framework */,
				D068AB6723AC5D940034D427 /* SystemConfiguration.framework */,
				D068AB6523AC5D7C0034D427 /* JavaScriptCore.framework */,
				D068AB6323AC5D760034D427 /* CoreLocation.framework */,
				A06CEE4C2A1E76AD045AC2F0 /* Pods_InterestingTour.framework */,
			);
			name = Frameworks;
			sourceTree = "<group>";
		};
		D014E3AC23AB5D71003218CC /* AppDelegate */ = {
			isa = PBXGroup;
			children = (
				D02A1FC223AB5125005B31C9 /* AppDelegate.h */,
				D02A1FC323AB5125005B31C9 /* AppDelegate.m */,
			);
			path = AppDelegate;
			sourceTree = "<group>";
		};
		D014E3AD23AB5D88003218CC /* Base */ = {
			isa = PBXGroup;
			children = (
				D068AB5523AB99500034D427 /* QYBaseModel */,
				D0FB448023AB68D10012783D /* NavigationController */,
				D014E3B323AB5DF4003218CC /* TabbarController */,
				D068AB5123AB98F60034D427 /* QYBaseView */,
				D014E3AF23AB5DB9003218CC /* RootViewController */,
			);
			path = Base;
			sourceTree = "<group>";
		};
		D014E3AE23AB5D96003218CC /* SurpportFiles */ = {
			isa = PBXGroup;
			children = (
				D02A1FD323AB5125005B31C9 /* Info.plist */,
				D02A1FCE23AB5125005B31C9 /* Assets.xcassets */,
				D02A1FD023AB5125005B31C9 /* LaunchScreen.storyboard */,
				D02A1FD423AB5125005B31C9 /* main.m */,
				D0FB44A423AB84DB0012783D /* InterestingTourPCH.pch */,
				D068AB7A23AC6A6C0034D427 /* Localizable.strings */,
			);
			path = SurpportFiles;
			sourceTree = "<group>";
		};
		D014E3AF23AB5DB9003218CC /* RootViewController */ = {
			isa = PBXGroup;
			children = (
				D014E3B023AB5DE6003218CC /* QYRootViewController.h */,
				D014E3B123AB5DE6003218CC /* QYRootViewController.m */,
			);
			path = RootViewController;
			sourceTree = "<group>";
		};
		D014E3B323AB5DF4003218CC /* TabbarController */ = {
			isa = PBXGroup;
			children = (
				D014E3B423AB5F6D003218CC /* QYTabBarController.h */,
				D014E3B523AB5F6D003218CC /* QYTabBarController.m */,
			);
			path = TabbarController;
			sourceTree = "<group>";
		};
		D01AEB9123AD1B210023627E /* Category */ = {
			isa = PBXGroup;
			children = (
				D01AEB9223AD1BC20023627E /* UIView+GradientBackground.h */,
				D01AEB9323AD1BC20023627E /* UIView+GradientBackground.m */,
			);
			path = Category;
			sourceTree = "<group>";
		};
		D02A1FB623AB5125005B31C9 = {
			isa = PBXGroup;
			children = (
				D02A1FC123AB5125005B31C9 /* InterestingTour */,
				D02A1FC023AB5125005B31C9 /* Products */,
				D8FD41CFDBC39A32DCFE877E /* Pods */,
				AB88FDC0E2FCF48539517AC0 /* Frameworks */,
			);
			sourceTree = "<group>";
		};
		D02A1FC023AB5125005B31C9 /* Products */ = {
			isa = PBXGroup;
			children = (
				D02A1FBF23AB5125005B31C9 /* 趣游.app */,
			);
			name = Products;
			sourceTree = "<group>";
		};
		D02A1FC123AB5125005B31C9 /* InterestingTour */ = {
			isa = PBXGroup;
			children = (
				D014E3AC23AB5D71003218CC /* AppDelegate */,
				D0FB449123AB817B0012783D /* Tools */,
				D014E3AD23AB5D88003218CC /* Base */,
				D068AB5923AC53540034D427 /* Modules */,
				D0FB44A223AB82010012783D /* Define */,
				D014E3AE23AB5D96003218CC /* SurpportFiles */,
				D068AB5E23AC591B0034D427 /* Vendors */,
			);
			path = InterestingTour;
			sourceTree = "<group>";
		};
		D068AB4923AB885B0034D427 /* Category */ = {
			isa = PBXGroup;
			children = (
				D068AB4A23AB886D0034D427 /* UIView+FrameExtension.h */,
				D068AB4B23AB886E0034D427 /* UIView+FrameExtension.m */,
			);
			path = Category;
			sourceTree = "<group>";
		};
		D068AB5123AB98F60034D427 /* QYBaseView */ = {
			isa = PBXGroup;
			children = (
				D068AB5223AB99380034D427 /* QYBaseView.h */,
				D068AB5323AB99380034D427 /* QYBaseView.m */,
			);
			path = QYBaseView;
			sourceTree = "<group>";
		};
		D068AB5523AB99500034D427 /* QYBaseModel */ = {
			isa = PBXGroup;
			children = (
				D068AB5623AB99750034D427 /* QYBaseModel.h */,
				D068AB5723AB99750034D427 /* QYBaseModel.m */,
			);
			path = QYBaseModel;
			sourceTree = "<group>";
		};
		D068AB5923AC53540034D427 /* Modules */ = {
			isa = PBXGroup;
			children = (
				D068AB5A23AC54FC0034D427 /* Splash */,
				D068AB6923AC5DC80034D427 /* Login */,
				D068AB7023AC5E860034D427 /* Register */,
				D0FB447823AB63940012783D /* Home */,
				D0FB447F23AB687F0012783D /* Travel */,
				D0FB448723AB69D10012783D /* Mine */,
			);
			path = Modules;
			sourceTree = "<group>";
		};
		D068AB5A23AC54FC0034D427 /* Splash */ = {
			isa = PBXGroup;
			children = (
				D068AB5D23AC551D0034D427 /* Model */,
				D068AB5C23AC55160034D427 /* View */,
				D068AB5B23AC550C0034D427 /* Controller */,
			);
			path = Splash;
			sourceTree = "<group>";
		};
		D068AB5B23AC550C0034D427 /* Controller */ = {
			isa = PBXGroup;
			children = (
			);
			path = Controller;
			sourceTree = "<group>";
		};
		D068AB5C23AC55160034D427 /* View */ = {
			isa = PBXGroup;
			children = (
			);
			path = View;
			sourceTree = "<group>";
		};
		D068AB5D23AC551D0034D427 /* Model */ = {
			isa = PBXGroup;
			children = (
			);
			path = Model;
			sourceTree = "<group>";
		};
		D068AB5E23AC591B0034D427 /* Vendors */ = {
			isa = PBXGroup;
			children = (
				D01AEB9123AD1B210023627E /* Category */,
				D068AB5F23AC593F0034D427 /* Frameworks */,
			);
			path = Vendors;
			sourceTree = "<group>";
		};
		D068AB5F23AC593F0034D427 /* Frameworks */ = {
			isa = PBXGroup;
			children = (
				D068AB6023AC5AC00034D427 /* BmobSDK.framework */,
			);
			path = Frameworks;
			sourceTree = "<group>";
		};
		D068AB6923AC5DC80034D427 /* Login */ = {
			isa = PBXGroup;
			children = (
				D068AB6C23AC5DEA0034D427 /* Model */,
				D068AB6B23AC5DE40034D427 /* View */,
				D068AB6A23AC5DDB0034D427 /* Controller */,
			);
			path = Login;
			sourceTree = "<group>";
		};
		D068AB6A23AC5DDB0034D427 /* Controller */ = {
			isa = PBXGroup;
			children = (
				D068AB6D23AC5E150034D427 /* QYLoginViewController.h */,
				D068AB6E23AC5E150034D427 /* QYLoginViewController.m */,
			);
			path = Controller;
			sourceTree = "<group>";
		};
		D068AB6B23AC5DE40034D427 /* View */ = {
			isa = PBXGroup;
			children = (
				D0E451DF23AC9F3A005AD519 /* QYLoginView.h */,
				D0E451E023AC9F3A005AD519 /* QYLoginView.m */,
			);
			path = View;
			sourceTree = "<group>";
		};
		D068AB6C23AC5DEA0034D427 /* Model */ = {
			isa = PBXGroup;
			children = (
			);
			path = Model;
			sourceTree = "<group>";
		};
		D068AB7023AC5E860034D427 /* Register */ = {
			isa = PBXGroup;
			children = (
				D068AB7323AC5EA50034D427 /* Model */,
				D068AB7223AC5EA00034D427 /* View */,
				D068AB7123AC5E980034D427 /* Controller */,
			);
			path = Register;
			sourceTree = "<group>";
		};
		D068AB7123AC5E980034D427 /* Controller */ = {
			isa = PBXGroup;
			children = (
				D068AB7423AC5EEE0034D427 /* QYRegisterViewController.h */,
				D068AB7523AC5EEE0034D427 /* QYRegisterViewController.m */,
			);
			path = Controller;
			sourceTree = "<group>";
		};
		D068AB7223AC5EA00034D427 /* View */ = {
			isa = PBXGroup;
			children = (
				D068AB7723AC5F110034D427 /* QYRegisterView.h */,
				D068AB7823AC5F110034D427 /* QYRegisterView.m */,
			);
			path = View;
			sourceTree = "<group>";
		};
		D068AB7323AC5EA50034D427 /* Model */ = {
			isa = PBXGroup;
			children = (
			);
			path = Model;
			sourceTree = "<group>";
		};
		D07EEFE323BAE8E9002C64F2 /* Detail */ = {
			isa = PBXGroup;
			children = (
				D07EEFE623BAE933002C64F2 /* View */,
				D07EEFE423BAE920002C64F2 /* Controller */,
			);
			path = Detail;
			sourceTree = "<group>";
		};
		D07EEFE423BAE920002C64F2 /* Controller */ = {
			isa = PBXGroup;
			children = (
				D07EEFEA23BAEE7D002C64F2 /* QYLandscapeViewController.h */,
				D07EEFEB23BAEE7D002C64F2 /* QYLandscapeViewController.m */,
			);
			path = Controller;
			sourceTree = "<group>";
		};
		D07EEFE623BAE933002C64F2 /* View */ = {
			isa = PBXGroup;
			children = (
				D07EEFE723BAEC87002C64F2 /* QYDetailCycleScrollView.h */,
				D07EEFE823BAEC87002C64F2 /* QYDetailCycleScrollView.m */,
				D07EEFED23BAF85B002C64F2 /* QYDetailNavigationBarView.h */,
				D07EEFEE23BAF85B002C64F2 /* QYDetailNavigationBarView.m */,
				D07EEFF323BB2E33002C64F2 /* QYDetailInformationTableView.h */,
				D07EEFF423BB2E33002C64F2 /* QYDetailInformationTableView.m */,
				D07EEFF623BB2E4A002C64F2 /* QYDetailInformationTableViewCell.h */,
				D07EEFF723BB2E4A002C64F2 /* QYDetailInformationTableViewCell.m */,
			);
			path = View;
			sourceTree = "<group>";
		};
		D07EEFF923BB4654002C64F2 /* JumpMap */ = {
			isa = PBXGroup;
			children = (
				D07EEFFA23BB469B002C64F2 /* LWJumpToMap.h */,
				D07EEFFB23BB469B002C64F2 /* LWJumpToMap.m */,
			);
			path = JumpMap;
			sourceTree = "<group>";
		};
		D0FB447823AB63940012783D /* Home */ = {
			isa = PBXGroup;
			children = (
				D07EEFE323BAE8E9002C64F2 /* Detail */,
				D0FB447B23AB63B70012783D /* Model */,
				D0FB447A23AB63B10012783D /* View */,
				D0FB447923AB63A30012783D /* Controller */,
			);
			path = Home;
			sourceTree = "<group>";
		};
		D0FB447923AB63A30012783D /* Controller */ = {
			isa = PBXGroup;
			children = (
				D0FB447C23AB63CF0012783D /* QYHomeViewController.h */,
				D0FB447D23AB63CF0012783D /* QYHomeViewController.m */,
			);
			path = Controller;
			sourceTree = "<group>";
		};
		D0FB447A23AB63B10012783D /* View */ = {
			isa = PBXGroup;
			children = (
				D068AB4D23AB93530034D427 /* QYHomeCycleScrollView.h */,
				D068AB4E23AB93530034D427 /* QYHomeCycleScrollView.m */,
				D01AEB9623AD2A120023627E /* QYHomeNavigationBarView.h */,
				D01AEB9723AD2A120023627E /* QYHomeNavigationBarView.m */,
				D03A9A9423B9D617008B41B5 /* QYHomeSearchView.h */,
				D03A9A9523B9D617008B41B5 /* QYHomeSearchView.m */,
				D03A9AA023B9EA47008B41B5 /* QYHomeLandscapeCollectionView.h */,
				D03A9AA123B9EA47008B41B5 /* QYHomeLandscapeCollectionView.m */,
				D03A9AA323B9FE8F008B41B5 /* QYHomeLandscapeCollectionViewCell.h */,
				D03A9AA423B9FE8F008B41B5 /* QYHomeLandscapeCollectionViewCell.m */,
			);
			path = View;
			sourceTree = "<group>";
		};
		D0FB447B23AB63B70012783D /* Model */ = {
			isa = PBXGroup;
			children = (
				D01AEB9923AD2CF70023627E /* QYHomeLocationModel.h */,
				D01AEB9A23AD2CF70023627E /* QYHomeLocationModel.m */,
				D027D16523B609070017ECF8 /* QYHomeLayoutDataModel.h */,
				D027D16623B609070017ECF8 /* QYHomeLayoutDataModel.m */,
				D06C3F5A23BD929D006315B1 /* QYHomeAttractionsModel.h */,
				D06C3F5B23BD929D006315B1 /* QYHomeAttractionsModel.m */,
			);
			path = Model;
			sourceTree = "<group>";
		};
		D0FB447F23AB687F0012783D /* Travel */ = {
			isa = PBXGroup;
			children = (
				D0FB448623AB69BC0012783D /* Model */,
				D0FB448523AB69B00012783D /* View */,
				D0FB448423AB69AA0012783D /* Controller */,
			);
			path = Travel;
			sourceTree = "<group>";
		};
		D0FB448023AB68D10012783D /* NavigationController */ = {
			isa = PBXGroup;
			children = (
				D0FB448123AB691A0012783D /* QYNavigationController.h */,
				D0FB448223AB691A0012783D /* QYNavigationController.m */,
			);
			path = NavigationController;
			sourceTree = "<group>";
		};
		D0FB448423AB69AA0012783D /* Controller */ = {
			isa = PBXGroup;
			children = (
				D0FB448E23AB6A490012783D /* QYTravelViewController.h */,
				D0FB448F23AB6A490012783D /* QYTravelViewController.m */,
			);
			path = Controller;
			sourceTree = "<group>";
		};
		D0FB448523AB69B00012783D /* View */ = {
			isa = PBXGroup;
			children = (
				D079490C23BF32B50076BF1E /* QYTravelTableView.h */,
				D079490D23BF32B50076BF1E /* QYTravelTableView.m */,
				D0D0008823C4293D001FBB84 /* QYTravelTableViewCell.h */,
				D0D0008923C4293D001FBB84 /* QYTravelTableViewCell.m */,
			);
			path = View;
			sourceTree = "<group>";
		};
		D0FB448623AB69BC0012783D /* Model */ = {
			isa = PBXGroup;
			children = (
				D0212C1E23C41403000E9CD2 /* QYTravelModel.h */,
				D0212C1F23C41403000E9CD2 /* QYTravelModel.m */,
			);
			path = Model;
			sourceTree = "<group>";
		};
		D0FB448723AB69D10012783D /* Mine */ = {
			isa = PBXGroup;
			children = (
				D0FB448A23AB6A0F0012783D /* Model */,
				D0FB448923AB6A090012783D /* View */,
				D0FB448823AB6A000012783D /* Controller */,
			);
			path = Mine;
			sourceTree = "<group>";
		};
		D0FB448823AB6A000012783D /* Controller */ = {
			isa = PBXGroup;
			children = (
				D0FB448B23AB6A300012783D /* QYMineViewController.h */,
				D0FB448C23AB6A300012783D /* QYMineViewController.m */,
			);
			path = Controller;
			sourceTree = "<group>";
		};
		D0FB448923AB6A090012783D /* View */ = {
			isa = PBXGroup;
			children = (
				D01AEB9523AD28770023627E /* QYMineNavigationBarView.h */,
				D01AEB8F23AD19DC0023627E /* QYMineNavigationBarView.m */,
				D080707023C40CA500F3A326 /* QYMyInfoView.h */,
				D080707123C40CA500F3A326 /* QYMyInfoView.m */,
			);
			path = View;
			sourceTree = "<group>";
		};
		D0FB448A23AB6A0F0012783D /* Model */ = {
			isa = PBXGroup;
			children = (
			);
			path = Model;
			sourceTree = "<group>";
		};
		D0FB449123AB817B0012783D /* Tools */ = {
			isa = PBXGroup;
			children = (
				D07EEFF923BB4654002C64F2 /* JumpMap */,
				D068AB4923AB885B0034D427 /* Category */,
				D0FB449223AB81940012783D /* LWNetworkKit */,
			);
			path = Tools;
			sourceTree = "<group>";
		};
		D0FB449223AB81940012783D /* LWNetworkKit */ = {
			isa = PBXGroup;
			children = (
				D0FB449323AB81940012783D /* TFBURLRequest.h */,
				D0FB449823AB81940012783D /* TFBURLRequest.m */,
				D0FB449B23AB81940012783D /* LWNetworkManager.h */,
				D0FB449523AB81940012783D /* LWNetworkManager.m */,
				D0FB449923AB81940012783D /* LWNetworkHelper.h */,
				D0FB449423AB81940012783D /* LWNetworkHelper.m */,
				D0FB449A23AB81940012783D /* TFBURLResponse.h */,
				D0FB449623AB81940012783D /* TFBURLResponse.m */,
				D0FB449723AB81940012783D /* Readme */,
			);
			path = LWNetworkKit;
			sourceTree = "<group>";
		};
		D0FB44A223AB82010012783D /* Define */ = {
			isa = PBXGroup;
			children = (
				D0FB44A323AB82490012783D /* ColorMacros.h */,
				D068AB5023AB97460034D427 /* UtilsMacros.h */,
				D068AB6223AC5BAB0034D427 /* ThirdKeyMacros.h */,
				D01AEB8D23ACC1420023627E /* CommonMacros.h */,
			);
			path = Define;
			sourceTree = "<group>";
		};
		D8FD41CFDBC39A32DCFE877E /* Pods */ = {
			isa = PBXGroup;
			children = (
				B8920FDDECEAC2D417D3CC99 /* Pods-InterestingTour.debug.xcconfig */,
				A8E3E39C03815B5F9927CF72 /* Pods-InterestingTour.release.xcconfig */,
			);
			path = Pods;
			sourceTree = "<group>";
		};
/* End PBXGroup section */

/* Begin PBXNativeTarget section */
		D02A1FBE23AB5125005B31C9 /* InterestingTour */ = {
			isa = PBXNativeTarget;
			buildConfigurationList = D02A1FD823AB5125005B31C9 /* Build configuration list for PBXNativeTarget "InterestingTour" */;
			buildPhases = (
				517E126720F20D5160625B71 /* [CP] Check Pods Manifest.lock */,
				D02A1FBB23AB5125005B31C9 /* Sources */,
				D02A1FBC23AB5125005B31C9 /* Frameworks */,
				D02A1FBD23AB5125005B31C9 /* Resources */,
				D408055EDD420B796724EE57 /* [CP] Embed Pods Frameworks */,
			);
			buildRules = (
			);
			dependencies = (
			);
			name = InterestingTour;
			productName = InterestingTour;
			productReference = D02A1FBF23AB5125005B31C9 /* 趣游.app */;
			productType = "com.apple.product-type.application";
		};
/* End PBXNativeTarget section */

/* Begin PBXProject section */
		D02A1FB723AB5125005B31C9 /* Project object */ = {
			isa = PBXProject;
			attributes = {
				LastUpgradeCheck = 1100;
				ORGANIZATIONNAME = "厉威";
				TargetAttributes = {
					D02A1FBE23AB5125005B31C9 = {
						CreatedOnToolsVersion = 11.0;
					};
				};
			};
			buildConfigurationList = D02A1FBA23AB5125005B31C9 /* Build configuration list for PBXProject "InterestingTour" */;
			compatibilityVersion = "Xcode 9.3";
			developmentRegion = en;
			hasScannedForEncodings = 0;
			knownRegions = (
				en,
				Base,
			);
			mainGroup = D02A1FB623AB5125005B31C9;
			productRefGroup = D02A1FC023AB5125005B31C9 /* Products */;
			projectDirPath = "";
			projectRoot = "";
			targets = (
				D02A1FBE23AB5125005B31C9 /* InterestingTour */,
			);
		};
/* End PBXProject section */

/* Begin PBXResourcesBuildPhase section */
		D02A1FBD23AB5125005B31C9 /* Resources */ = {
			isa = PBXResourcesBuildPhase;
			buildActionMask = 2147483647;
			files = (
				D02A1FD223AB5125005B31C9 /* LaunchScreen.storyboard in Resources */,
				D068AB7B23AC6A6C0034D427 /* Localizable.strings in Resources */,
				D0FB449F23AB81940012783D /* Readme in Resources */,
				D02A1FCF23AB5125005B31C9 /* Assets.xcassets in Resources */,
			);
			runOnlyForDeploymentPostprocessing = 0;
		};
/* End PBXResourcesBuildPhase section */

/* Begin PBXShellScriptBuildPhase section */
		517E126720F20D5160625B71 /* [CP] Check Pods Manifest.lock */ = {
			isa = PBXShellScriptBuildPhase;
			buildActionMask = 2147483647;
			files = (
			);
			inputFileListPaths = (
			);
			inputPaths = (
				"${PODS_PODFILE_DIR_PATH}/Podfile.lock",
				"${PODS_ROOT}/Manifest.lock",
			);
			name = "[CP] Check Pods Manifest.lock";
			outputFileListPaths = (
			);
			outputPaths = (
				"$(DERIVED_FILE_DIR)/Pods-InterestingTour-checkManifestLockResult.txt",
			);
			runOnlyForDeploymentPostprocessing = 0;
			shellPath = /bin/sh;
			shellScript = "diff \"${PODS_PODFILE_DIR_PATH}/Podfile.lock\" \"${PODS_ROOT}/Manifest.lock\" > /dev/null\nif [ $? != 0 ] ; then\n    # print error to STDERR\n    echo \"error: The sandbox is not in sync with the Podfile.lock. Run 'pod install' or update your CocoaPods installation.\" >&2\n    exit 1\nfi\n# This output is used by Xcode 'outputs' to avoid re-running this script phase.\necho \"SUCCESS\" > \"${SCRIPT_OUTPUT_FILE_0}\"\n";
			showEnvVarsInLog = 0;
		};
		D408055EDD420B796724EE57 /* [CP] Embed Pods Frameworks */ = {
			isa = PBXShellScriptBuildPhase;
			buildActionMask = 2147483647;
			files = (
			);
			inputFileListPaths = (
				"${PODS_ROOT}/Target Support Files/Pods-InterestingTour/Pods-InterestingTour-frameworks-${CONFIGURATION}-input-files.xcfilelist",
			);
			name = "[CP] Embed Pods Frameworks";
			outputFileListPaths = (
				"${PODS_ROOT}/Target Support Files/Pods-InterestingTour/Pods-InterestingTour-frameworks-${CONFIGURATION}-output-files.xcfilelist",
			);
			runOnlyForDeploymentPostprocessing = 0;
			shellPath = /bin/sh;
			shellScript = "\"${PODS_ROOT}/Target Support Files/Pods-InterestingTour/Pods-InterestingTour-frameworks.sh\"\n";
			showEnvVarsInLog = 0;
		};
/* End PBXShellScriptBuildPhase section */

/* Begin PBXSourcesBuildPhase section */
		D02A1FBB23AB5125005B31C9 /* Sources */ = {
			isa = PBXSourcesBuildPhase;
			buildActionMask = 2147483647;
			files = (
				D01AEB9423AD1BC20023627E /* UIView+GradientBackground.m in Sources */,
				D0FB449C23AB81940012783D /* LWNetworkHelper.m in Sources */,
				D027D16723B609070017ECF8 /* QYHomeLayoutDataModel.m in Sources */,
				D03A9AA223B9EA47008B41B5 /* QYHomeLandscapeCollectionView.m in Sources */,
				D068AB6F23AC5E150034D427 /* QYLoginViewController.m in Sources */,
				D014E3B623AB5F6D003218CC /* QYTabBarController.m in Sources */,
				D0FB448323AB691A0012783D /* QYNavigationController.m in Sources */,
				D07EEFFC23BB469B002C64F2 /* LWJumpToMap.m in Sources */,
				D0FB449D23AB81940012783D /* LWNetworkManager.m in Sources */,
				D07EEFEF23BAF85B002C64F2 /* QYDetailNavigationBarView.m in Sources */,
				D03A9A9623B9D617008B41B5 /* QYHomeSearchView.m in Sources */,
				D0FB449E23AB81940012783D /* TFBURLResponse.m in Sources */,
				D07EEFEC23BAEE7D002C64F2 /* QYLandscapeViewController.m in Sources */,
				D01AEB9823AD2A120023627E /* QYHomeNavigationBarView.m in Sources */,
				D080707223C40CA500F3A326 /* QYMyInfoView.m in Sources */,
				D0FB449023AB6A490012783D /* QYTravelViewController.m in Sources */,
				D068AB7923AC5F110034D427 /* QYRegisterView.m in Sources */,
				D0FB448D23AB6A300012783D /* QYMineViewController.m in Sources */,
				D068AB4C23AB886E0034D427 /* UIView+FrameExtension.m in Sources */,
				D0E451E123AC9F3A005AD519 /* QYLoginView.m in Sources */,
				D068AB4F23AB93530034D427 /* QYHomeCycleScrollView.m in Sources */,
				D07EEFE923BAEC87002C64F2 /* QYDetailCycleScrollView.m in Sources */,
				D02A1FC423AB5125005B31C9 /* AppDelegate.m in Sources */,
				D01AEB9023AD19DC0023627E /* QYMineNavigationBarView.m in Sources */,
				D07EEFF823BB2E4A002C64F2 /* QYDetailInformationTableViewCell.m in Sources */,
				D068AB7623AC5EEE0034D427 /* QYRegisterViewController.m in Sources */,
				D068AB5423AB99380034D427 /* QYBaseView.m in Sources */,
				D02A1FD523AB5125005B31C9 /* main.m in Sources */,
				D06C3F5C23BD929D006315B1 /* QYHomeAttractionsModel.m in Sources */,
				D0212C2023C41403000E9CD2 /* QYTravelModel.m in Sources */,
				D0FB447E23AB63CF0012783D /* QYHomeViewController.m in Sources */,
				D0FB44A023AB81940012783D /* TFBURLRequest.m in Sources */,
				D07EEFF523BB2E33002C64F2 /* QYDetailInformationTableView.m in Sources */,
				D0D0008A23C4293D001FBB84 /* QYTravelTableViewCell.m in Sources */,
				D01AEB9B23AD2CF70023627E /* QYHomeLocationModel.m in Sources */,
				D068AB5823AB99750034D427 /* QYBaseModel.m in Sources */,
				D079490E23BF32B50076BF1E /* QYTravelTableView.m in Sources */,
				D014E3B223AB5DE6003218CC /* QYRootViewController.m in Sources */,
				D03A9AA523B9FE8F008B41B5 /* QYHomeLandscapeCollectionViewCell.m in Sources */,
			);
			runOnlyForDeploymentPostprocessing = 0;
		};
/* End PBXSourcesBuildPhase section */

/* Begin PBXVariantGroup section */
		D02A1FD023AB5125005B31C9 /* LaunchScreen.storyboard */ = {
			isa = PBXVariantGroup;
			children = (
				D02A1FD123AB5125005B31C9 /* Base */,
			);
			name = LaunchScreen.storyboard;
			sourceTree = "<group>";
		};
/* End PBXVariantGroup section */

/* Begin XCBuildConfiguration section */
		D02A1FD623AB5125005B31C9 /* Debug */ = {
			isa = XCBuildConfiguration;
			buildSettings = {
				ALWAYS_SEARCH_USER_PATHS = NO;
				CLANG_ANALYZER_NONNULL = YES;
				CLANG_ANALYZER_NUMBER_OBJECT_CONVERSION = YES_AGGRESSIVE;
				CLANG_CXX_LANGUAGE_STANDARD = "gnu++14";
				CLANG_CXX_LIBRARY = "libc++";
				CLANG_ENABLE_MODULES = YES;
				CLANG_ENABLE_OBJC_ARC = YES;
				CLANG_ENABLE_OBJC_WEAK = YES;
				CLANG_WARN_BLOCK_CAPTURE_AUTORELEASING = YES;
				CLANG_WARN_BOOL_CONVERSION = YES;
				CLANG_WARN_COMMA = YES;
				CLANG_WARN_CONSTANT_CONVERSION = YES;
				CLANG_WARN_DEPRECATED_OBJC_IMPLEMENTATIONS = YES;
				CLANG_WARN_DIRECT_OBJC_ISA_USAGE = YES_ERROR;
				CLANG_WARN_DOCUMENTATION_COMMENTS = YES;
				CLANG_WARN_EMPTY_BODY = YES;
				CLANG_WARN_ENUM_CONVERSION = YES;
				CLANG_WARN_INFINITE_RECURSION = YES;
				CLANG_WARN_INT_CONVERSION = YES;
				CLANG_WARN_NON_LITERAL_NULL_CONVERSION = YES;
				CLANG_WARN_OBJC_IMPLICIT_RETAIN_SELF = YES;
				CLANG_WARN_OBJC_LITERAL_CONVERSION = YES;
				CLANG_WARN_OBJC_ROOT_CLASS = YES_ERROR;
				CLANG_WARN_RANGE_LOOP_ANALYSIS = YES;
				CLANG_WARN_STRICT_PROTOTYPES = YES;
				CLANG_WARN_SUSPICIOUS_MOVE = YES;
				CLANG_WARN_UNGUARDED_AVAILABILITY = YES_AGGRESSIVE;
				CLANG_WARN_UNREACHABLE_CODE = YES;
				CLANG_WARN__DUPLICATE_METHOD_MATCH = YES;
				COPY_PHASE_STRIP = NO;
				DEBUG_INFORMATION_FORMAT = dwarf;
				ENABLE_STRICT_OBJC_MSGSEND = YES;
				ENABLE_TESTABILITY = YES;
				GCC_C_LANGUAGE_STANDARD = gnu11;
				GCC_DYNAMIC_NO_PIC = NO;
				GCC_NO_COMMON_BLOCKS = YES;
				GCC_OPTIMIZATION_LEVEL = 0;
				GCC_PREPROCESSOR_DEFINITIONS = (
					"DEBUG=1",
					"$(inherited)",
				);
				GCC_WARN_64_TO_32_BIT_CONVERSION = YES;
				GCC_WARN_ABOUT_RETURN_TYPE = YES_ERROR;
				GCC_WARN_UNDECLARED_SELECTOR = YES;
				GCC_WARN_UNINITIALIZED_AUTOS = YES_AGGRESSIVE;
				GCC_WARN_UNUSED_FUNCTION = YES;
				GCC_WARN_UNUSED_VARIABLE = YES;
				IPHONEOS_DEPLOYMENT_TARGET = 9.0;
				MTL_ENABLE_DEBUG_INFO = INCLUDE_SOURCE;
				MTL_FAST_MATH = YES;
				ONLY_ACTIVE_ARCH = YES;
				SDKROOT = iphoneos;
			};
			name = Debug;
		};
		D02A1FD723AB5125005B31C9 /* Release */ = {
			isa = XCBuildConfiguration;
			buildSettings = {
				ALWAYS_SEARCH_USER_PATHS = NO;
				CLANG_ANALYZER_NONNULL = YES;
				CLANG_ANALYZER_NUMBER_OBJECT_CONVERSION = YES_AGGRESSIVE;
				CLANG_CXX_LANGUAGE_STANDARD = "gnu++14";
				CLANG_CXX_LIBRARY = "libc++";
				CLANG_ENABLE_MODULES = YES;
				CLANG_ENABLE_OBJC_ARC = YES;
				CLANG_ENABLE_OBJC_WEAK = YES;
				CLANG_WARN_BLOCK_CAPTURE_AUTORELEASING = YES;
				CLANG_WARN_BOOL_CONVERSION = YES;
				CLANG_WARN_COMMA = YES;
				CLANG_WARN_CONSTANT_CONVERSION = YES;
				CLANG_WARN_DEPRECATED_OBJC_IMPLEMENTATIONS = YES;
				CLANG_WARN_DIRECT_OBJC_ISA_USAGE = YES_ERROR;
				CLANG_WARN_DOCUMENTATION_COMMENTS = YES;
				CLANG_WARN_EMPTY_BODY = YES;
				CLANG_WARN_ENUM_CONVERSION = YES;
				CLANG_WARN_INFINITE_RECURSION = YES;
				CLANG_WARN_INT_CONVERSION = YES;
				CLANG_WARN_NON_LITERAL_NULL_CONVERSION = YES;
				CLANG_WARN_OBJC_IMPLICIT_RETAIN_SELF = YES;
				CLANG_WARN_OBJC_LITERAL_CONVERSION = YES;
				CLANG_WARN_OBJC_ROOT_CLASS = YES_ERROR;
				CLANG_WARN_RANGE_LOOP_ANALYSIS = YES;
				CLANG_WARN_STRICT_PROTOTYPES = YES;
				CLANG_WARN_SUSPICIOUS_MOVE = YES;
				CLANG_WARN_UNGUARDED_AVAILABILITY = YES_AGGRESSIVE;
				CLANG_WARN_UNREACHABLE_CODE = YES;
				CLANG_WARN__DUPLICATE_METHOD_MATCH = YES;
				COPY_PHASE_STRIP = NO;
				DEBUG_INFORMATION_FORMAT = "dwarf-with-dsym";
				ENABLE_NS_ASSERTIONS = NO;
				ENABLE_STRICT_OBJC_MSGSEND = YES;
				GCC_C_LANGUAGE_STANDARD = gnu11;
				GCC_NO_COMMON_BLOCKS = YES;
				GCC_WARN_64_TO_32_BIT_CONVERSION = YES;
				GCC_WARN_ABOUT_RETURN_TYPE = YES_ERROR;
				GCC_WARN_UNDECLARED_SELECTOR = YES;
				GCC_WARN_UNINITIALIZED_AUTOS = YES_AGGRESSIVE;
				GCC_WARN_UNUSED_FUNCTION = YES;
				GCC_WARN_UNUSED_VARIABLE = YES;
				IPHONEOS_DEPLOYMENT_TARGET = 9.0;
				MTL_ENABLE_DEBUG_INFO = NO;
				MTL_FAST_MATH = YES;
				SDKROOT = iphoneos;
				VALIDATE_PRODUCT = YES;
			};
			name = Release;
		};
		D02A1FD923AB5125005B31C9 /* Debug */ = {
			isa = XCBuildConfiguration;
			baseConfigurationReference = B8920FDDECEAC2D417D3CC99 /* Pods-InterestingTour.debug.xcconfig */;
			buildSettings = {
				ASSETCATALOG_COMPILER_APPICON_NAME = AppIcon;
				CODE_SIGN_STYLE = Automatic;
				DEBUG_INFORMATION_FORMAT = "dwarf-with-dsym";
				DEVELOPMENT_TEAM = M8VXMPN8JV;
				FRAMEWORK_SEARCH_PATHS = (
					"$(inherited)",
					"$(PROJECT_DIR)/InterestingTour/Vendors/Frameworks",
				);
				GCC_PRECOMPILE_PREFIX_HEADER = NO;
				GCC_PREFIX_HEADER = "$(SRCROOT)/InterestingTour/SurpportFiles/InterestingTourPCH.pch";
				INFOPLIST_FILE = "$(SRCROOT)/InterestingTour/SurpportFiles/Info.plist";
				LD_RUNPATH_SEARCH_PATHS = (
					"$(inherited)",
					"@executable_path/Frameworks",
				);
				PRODUCT_BUNDLE_IDENTIFIER = com.tecent.InterestingTour;
				PRODUCT_NAME = "趣游";
				TARGETED_DEVICE_FAMILY = 1;
			};
			name = Debug;
		};
		D02A1FDA23AB5125005B31C9 /* Release */ = {
			isa = XCBuildConfiguration;
			baseConfigurationReference = A8E3E39C03815B5F9927CF72 /* Pods-InterestingTour.release.xcconfig */;
			buildSettings = {
				ASSETCATALOG_COMPILER_APPICON_NAME = AppIcon;
				CODE_SIGN_STYLE = Automatic;
				DEVELOPMENT_TEAM = M8VXMPN8JV;
				FRAMEWORK_SEARCH_PATHS = (
					"$(inherited)",
					"$(PROJECT_DIR)/InterestingTour/Vendors/Frameworks",
				);
				GCC_PRECOMPILE_PREFIX_HEADER = NO;
				GCC_PREFIX_HEADER = "$(SRCROOT)/InterestingTour/SurpportFiles/InterestingTourPCH.pch";
				INFOPLIST_FILE = "$(SRCROOT)/InterestingTour/SurpportFiles/Info.plist";
				LD_RUNPATH_SEARCH_PATHS = (
					"$(inherited)",
					"@executable_path/Frameworks",
				);
				PRODUCT_BUNDLE_IDENTIFIER = com.tecent.InterestingTour;
				PRODUCT_NAME = "趣游";
				TARGETED_DEVICE_FAMILY = 1;
			};
			name = Release;
		};
/* End XCBuildConfiguration section */

/* Begin XCConfigurationList section */
		D02A1FBA23AB5125005B31C9 /* Build configuration list for PBXProject "InterestingTour" */ = {
			isa = XCConfigurationList;
			buildConfigurations = (
				D02A1FD623AB5125005B31C9 /* Debug */,
				D02A1FD723AB5125005B31C9 /* Release */,
			);
			defaultConfigurationIsVisible = 0;
			defaultConfigurationName = Release;
		};
		D02A1FD823AB5125005B31C9 /* Build configuration list for PBXNativeTarget "InterestingTour" */ = {
			isa = XCConfigurationList;
			buildConfigurations = (
				D02A1FD923AB5125005B31C9 /* Debug */,
				D02A1FDA23AB5125005B31C9 /* Release */,
			);
			defaultConfigurationIsVisible = 0;
			defaultConfigurationName = Release;
		};
/* End XCConfigurationList section */
	};
	rootObject = D02A1FB723AB5125005B31C9 /* Project object */;
}
